// !$*UTF8*$!
{
	archiveVersion = 1;
	classes = {
	};
	objectVersion = 77;
	objects = {

/* Begin PBXContainerItemProxy section */
		3551C0822D3CDD5D007FECEF /* PBXContainerItemProxy */ = {
			isa = PBXContainerItemProxy;
			containerPortal = 3551C0692D3CDD59007FECEF /* Project object */;
			proxyType = 1;
			remoteGlobalIDString = 3551C0702D3CDD5A007FECEF;
			remoteInfo = Assignment2;
		};
		3551C08C2D3CDD5D007FECEF /* PBXContainerItemProxy */ = {
			isa = PBXContainerItemProxy;
			containerPortal = 3551C0692D3CDD59007FECEF /* Project object */;
			proxyType = 1;
			remoteGlobalIDString = 3551C0702D3CDD5A007FECEF;
			remoteInfo = Assignment2;
		};
/* End PBXContainerItemProxy section */

/* Begin PBXFileReference section */
		3551C0712D3CDD5A007FECEF /* Assignment2.app */ = {isa = PBXFileReference; explicitFileType = wrapper.application; includeInIndex = 0; path = Assignment2.app; sourceTree = BUILT_PRODUCTS_DIR; };
		3551C0812D3CDD5D007FECEF /* Assignment2Tests.xctest */ = {isa = PBXFileReference; explicitFileType = wrapper.cfbundle; includeInIndex = 0; path = Assignment2Tests.xctest; sourceTree = BUILT_PRODUCTS_DIR; };
		3551C08B2D3CDD5D007FECEF /* Assignment2UITests.xctest */ = {isa = PBXFileReference; explicitFileType = wrapper.cfbundle; includeInIndex = 0; path = Assignment2UITests.xctest; sourceTree = BUILT_PRODUCTS_DIR; };
		35C39F9A2D3F846100D12E20 /* Assignment2.xcodeproj */ = {isa = PBXFileReference; lastKnownFileType = "wrapper.pb-project"; path = Assignment2.xcodeproj; sourceTree = "<group>"; };
/* End PBXFileReference section */

/* Begin PBXFileSystemSynchronizedRootGroup section */
		3551C0732D3CDD5A007FECEF /* Assignment2 */ = {
			isa = PBXFileSystemSynchronizedRootGroup;
			path = Assignment2;
			sourceTree = "<group>";
		};
		3551C0842D3CDD5D007FECEF /* Assignment2Tests */ = {
			isa = PBXFileSystemSynchronizedRootGroup;
			path = Assignment2Tests;
			sourceTree = "<group>";
		};
		3551C08E2D3CDD5D007FECEF /* Assignment2UITests */ = {
			isa = PBXFileSystemSynchronizedRootGroup;
			path = Assignment2UITests;
			sourceTree = "<group>";
		};
/* End PBXFileSystemSynchronizedRootGroup section */

/* Begin PBXFrameworksBuildPhase section */
		3551C06E2D3CDD5A007FECEF /* Frameworks */ = {
			isa = PBXFrameworksBuildPhase;
			buildActionMask = 2147483647;
			files = (
			);
			runOnlyForDeploymentPostprocessing = 0;
		};
		3551C07E2D3CDD5D007FECEF /* Frameworks */ = {
			isa = PBXFrameworksBuildPhase;
			buildActionMask = 2147483647;
			files = (
			);
			runOnlyForDeploymentPostprocessing = 0;
		};
		3551C0882D3CDD5D007FECEF /* Frameworks */ = {
			isa = PBXFrameworksBuildPhase;
			buildActionMask = 2147483647;
			files = (
			);
			runOnlyForDeploymentPostprocessing = 0;
		};
/* End PBXFrameworksBuildPhase section */

/* Begin PBXGroup section */
		3551C0682D3CDD59007FECEF = {
			isa = PBXGroup;
			children = (
				3551C0732D3CDD5A007FECEF /* Assignment2 */,
				3551C0842D3CDD5D007FECEF /* Assignment2Tests */,
				3551C08E2D3CDD5D007FECEF /* Assignment2UITests */,
				3551C0722D3CDD5A007FECEF /* Products */,
			);
			sourceTree = "<group>";
		};
		3551C0722D3CDD5A007FECEF /* Products */ = {
			isa = PBXGroup;
			children = (
				3551C0712D3CDD5A007FECEF /* Assignment2.app */,
				3551C0812D3CDD5D007FECEF /* Assignment2Tests.xctest */,
				3551C08B2D3CDD5D007FECEF /* Assignment2UITests.xctest */,
			);
			name = Products;
			sourceTree = "<group>";
		};
		35C39F9B2D3F846100D12E20 /* Products */ = {
			isa = PBXGroup;
			children = (
			);
			name = Products;
			sourceTree = "<group>";
		};
/* End PBXGroup section */

/* Begin PBXNativeTarget section */
		3551C0702D3CDD5A007FECEF /* Assignment2 */ = {
			isa = PBXNativeTarget;
			buildConfigurationList = 3551C0952D3CDD5D007FECEF /* Build configuration list for PBXNativeTarget "Assignment2" */;
			buildPhases = (
				3551C06D2D3CDD5A007FECEF /* Sources */,
				3551C06E2D3CDD5A007FECEF /* Frameworks */,
				3551C06F2D3CDD5A007FECEF /* Resources */,
			);
			buildRules = (
			);
			dependencies = (
			);
			fileSystemSynchronizedGroups = (
				3551C0732D3CDD5A007FECEF /* Assignment2 */,
			);
			name = Assignment2;
			packageProductDependencies = (
			);
			productName = Assignment2;
			productReference = 3551C0712D3CDD5A007FECEF /* Assignment2.app */;
			productType = "com.apple.product-type.application";
		};
		3551C0802D3CDD5D007FECEF /* Assignment2Tests */ = {
			isa = PBXNativeTarget;
			buildConfigurationList = 3551C0982D3CDD5D007FECEF /* Build configuration list for PBXNativeTarget "Assignment2Tests" */;
			buildPhases = (
				3551C07D2D3CDD5D007FECEF /* Sources */,
				3551C07E2D3CDD5D007FECEF /* Frameworks */,
				3551C07F2D3CDD5D007FECEF /* Resources */,
			);
			buildRules = (
			);
			dependencies = (
				3551C0832D3CDD5D007FECEF /* PBXTargetDependency */,
			);
			fileSystemSynchronizedGroups = (
				3551C0842D3CDD5D007FECEF /* Assignment2Tests */,
			);
			name = Assignment2Tests;
			packageProductDependencies = (
			);
			productName = Assignment2Tests;
			productReference = 3551C0812D3CDD5D007FECEF /* Assignment2Tests.xctest */;
			productType = "com.apple.product-type.bundle.unit-test";
		};
		3551C08A2D3CDD5D007FECEF /* Assignment2UITests */ = {
			isa = PBXNativeTarget;
			buildConfigurationList = 3551C09B2D3CDD5D007FECEF /* Build configuration list for PBXNativeTarget "Assignment2UITests" */;
			buildPhases = (
				3551C0872D3CDD5D007FECEF /* Sources */,
				3551C0882D3CDD5D007FECEF /* Frameworks */,
				3551C0892D3CDD5D007FECEF /* Resources */,
			);
			buildRules = (
			);
			dependencies = (
				3551C08D2D3CDD5D007FECEF /* PBXTargetDependency */,
			);
			fileSystemSynchronizedGroups = (
				3551C08E2D3CDD5D007FECEF /* Assignment2UITests */,
			);
			name = Assignment2UITests;
			packageProductDependencies = (
			);
			productName = Assignment2UITests;
			productReference = 3551C08B2D3CDD5D007FECEF /* Assignment2UITests.xctest */;
			productType = "com.apple.product-type.bundle.ui-testing";
		};
/* End PBXNativeTarget section */

/* Begin PBXProject section */
		3551C0692D3CDD59007FECEF /* Project object */ = {
			isa = PBXProject;
			attributes = {
				BuildIndependentTargetsInParallel = 1;
				LastSwiftUpdateCheck = 1620;
				LastUpgradeCheck = 1620;
				TargetAttributes = {
					3551C0702D3CDD5A007FECEF = {
						CreatedOnToolsVersion = 16.2;
					};
					3551C0802D3CDD5D007FECEF = {
						CreatedOnToolsVersion = 16.2;
						TestTargetID = 3551C0702D3CDD5A007FECEF;
					};
					3551C08A2D3CDD5D007FECEF = {
						CreatedOnToolsVersion = 16.2;
						TestTargetID = 3551C0702D3CDD5A007FECEF;
					};
				};
			};
			buildConfigurationList = 3551C06C2D3CDD59007FECEF /* Build configuration list for PBXProject "Assignment2" */;
			developmentRegion = en;
			hasScannedForEncodings = 0;
			knownRegions = (
				en,
				Base,
			);
			mainGroup = 3551C0682D3CDD59007FECEF;
			minimizedProjectReferenceProxies = 1;
			packageReferences = (
				35C39F0F2D3F724800D12E20 /* XCRemoteSwiftPackageReference "swift-testing" */,
			);
			preferredProjectObjectVersion = 77;
			productRefGroup = 3551C0722D3CDD5A007FECEF /* Products */;
			projectDirPath = "";
			projectReferences = (
				{
					ProductGroup = 35C39F9B2D3F846100D12E20 /* Products */;
					ProjectRef = 35C39F9A2D3F846100D12E20 /* Assignment2.xcodeproj */;
				},
			);
			projectRoot = "";
			targets = (
				3551C0702D3CDD5A007FECEF /* Assignment2 */,
				3551C0802D3CDD5D007FECEF /* Assignment2Tests */,
				3551C08A2D3CDD5D007FECEF /* Assignment2UITests */,
			);
		};
/* End PBXProject section */

/* Begin PBXResourcesBuildPhase section */
		3551C06F2D3CDD5A007FECEF /* Resources */ = {
			isa = PBXResourcesBuildPhase;
			buildActionMask = 2147483647;
			files = (
			);
			runOnlyForDeploymentPostprocessing = 0;
		};
		3551C07F2D3CDD5D007FECEF /* Resources */ = {
			isa = PBXResourcesBuildPhase;
			buildActionMask = 2147483647;
			files = (
			);
			runOnlyForDeploymentPostprocessing = 0;
		};
		3551C0892D3CDD5D007FECEF /* Resources */ = {
			isa = PBXResourcesBuildPhase;
			buildActionMask = 2147483647;
			files = (
			);
			runOnlyForDeploymentPostprocessing = 0;
		};
/* End PBXResourcesBuildPhase section */

/* Begin PBXSourcesBuildPhase section */
		3551C06D2D3CDD5A007FECEF /* Sources */ = {
			isa = PBXSourcesBuildPhase;
			buildActionMask = 2147483647;
			files = (
			);
			runOnlyForDeploymentPostprocessing = 0;
		};
		3551C07D2D3CDD5D007FECEF /* Sources */ = {
			isa = PBXSourcesBuildPhase;
			buildActionMask = 2147483647;
			files = (
			);
			runOnlyForDeploymentPostprocessing = 0;
		};
		3551C0872D3CDD5D007FECEF /* Sources */ = {
			isa = PBXSourcesBuildPhase;
			buildActionMask = 2147483647;
			files = (
			);
			runOnlyForDeploymentPostprocessing = 0;
		};
/* End PBXSourcesBuildPhase section */

/* Begin PBXTargetDependency section */
		3551C0832D3CDD5D007FECEF /* PBXTargetDependency */ = {
			isa = PBXTargetDependency;
			target = 3551C0702D3CDD5A007FECEF /* Assignment2 */;
			targetProxy = 3551C0822D3CDD5D007FECEF /* PBXContainerItemProxy */;
		};
		3551C08D2D3CDD5D007FECEF /* PBXTargetDependency */ = {
			isa = PBXTargetDependency;
			target = 3551C0702D3CDD5A007FECEF /* Assignment2 */;
			targetProxy = 3551C08C2D3CDD5D007FECEF /* PBXContainerItemProxy */;
		};
/* End PBXTargetDependency section */

/* Begin XCBuildConfiguration section */
		3551C0932D3CDD5D007FECEF /* Debug */ = {
			isa = XCBuildConfiguration;
			buildSettings = {
				ALWAYS_SEARCH_USER_PATHS = NO;
				ASSETCATALOG_COMPILER_GENERATE_SWIFT_ASSET_SYMBOL_EXTENSIONS = YES;
				CLANG_ANALYZER_NONNULL = YES;
				CLANG_ANALYZER_NUMBER_OBJECT_CONVERSION = YES_AGGRESSIVE;
				CLANG_CXX_LANGUAGE_STANDARD = "gnu++20";
				CLANG_ENABLE_MODULES = YES;
				CLANG_ENABLE_OBJC_ARC = YES;
				CLANG_ENABLE_OBJC_WEAK = YES;
				CLANG_WARN_BLOCK_CAPTURE_AUTORELEASING = YES;
				CLANG_WARN_BOOL_CONVERSION = YES;
				CLANG_WARN_COMMA = YES;
				CLANG_WARN_CONSTANT_CONVERSION = YES;
				CLANG_WARN_DEPRECATED_OBJC_IMPLEMENTATIONS = YES;
				CLANG_WARN_DIRECT_OBJC_ISA_USAGE = YES_ERROR;
				CLANG_WARN_DOCUMENTATION_COMMENTS = YES;
				CLANG_WARN_EMPTY_BODY = YES;
				CLANG_WARN_ENUM_CONVERSION = YES;
				CLANG_WARN_INFINITE_RECURSION = YES;
				CLANG_WARN_INT_CONVERSION = YES;
				CLANG_WARN_NON_LITERAL_NULL_CONVERSION = YES;
				CLANG_WARN_OBJC_IMPLICIT_RETAIN_SELF = YES;
				CLANG_WARN_OBJC_LITERAL_CONVERSION = YES;
				CLANG_WARN_OBJC_ROOT_CLASS = YES_ERROR;
				CLANG_WARN_QUOTED_INCLUDE_IN_FRAMEWORK_HEADER = YES;
				CLANG_WARN_RANGE_LOOP_ANALYSIS = YES;
				CLANG_WARN_STRICT_PROTOTYPES = YES;
				CLANG_WARN_SUSPICIOUS_MOVE = YES;
				CLANG_WARN_UNGUARDED_AVAILABILITY = YES_AGGRESSIVE;
				CLANG_WARN_UNREACHABLE_CODE = YES;
				CLANG_WARN__DUPLICATE_METHOD_MATCH = YES;
				COPY_PHASE_STRIP = NO;
				DEBUG_INFORMATION_FORMAT = dwarf;
				ENABLE_STRICT_OBJC_MSGSEND = YES;
				ENABLE_TESTABILITY = YES;
				ENABLE_USER_SCRIPT_SANDBOXING = YES;
				GCC_C_LANGUAGE_STANDARD = gnu17;
				GCC_DYNAMIC_NO_PIC = NO;
				GCC_NO_COMMON_BLOCKS = YES;
				GCC_OPTIMIZATION_LEVEL = 0;
				GCC_PREPROCESSOR_DEFINITIONS = (
					"DEBUG=1",
					"$(inherited)",
				);
				GCC_WARN_64_TO_32_BIT_CONVERSION = YES;
				GCC_WARN_ABOUT_RETURN_TYPE = YES_ERROR;
				GCC_WARN_UNDECLARED_SELECTOR = YES;
				GCC_WARN_UNINITIALIZED_AUTOS = YES_AGGRESSIVE;
				GCC_WARN_UNUSED_FUNCTION = YES;
				GCC_WARN_UNUSED_VARIABLE = YES;
				IPHONEOS_DEPLOYMENT_TARGET = 18.2;
				LOCALIZATION_PREFERS_STRING_CATALOGS = YES;
				MTL_ENABLE_DEBUG_INFO = INCLUDE_SOURCE;
				MTL_FAST_MATH = YES;
				ONLY_ACTIVE_ARCH = YES;
				SDKROOT = iphoneos;
				SWIFT_ACTIVE_COMPILATION_CONDITIONS = "DEBUG $(inherited)";
				SWIFT_OPTIMIZATION_LEVEL = "-Onone";
			};
			name = Debug;
		};
		3551C0942D3CDD5D007FECEF /* Release */ = {
			isa = XCBuildConfiguration;
			buildSettings = {
				ALWAYS_SEARCH_USER_PATHS = NO;
				ASSETCATALOG_COMPILER_GENERATE_SWIFT_ASSET_SYMBOL_EXTENSIONS = YES;
				CLANG_ANALYZER_NONNULL = YES;
				CLANG_ANALYZER_NUMBER_OBJECT_CONVERSION = YES_AGGRESSIVE;
				CLANG_CXX_LANGUAGE_STANDARD = "gnu++20";
				CLANG_ENABLE_MODULES = YES;
				CLANG_ENABLE_OBJC_ARC = YES;
				CLANG_ENABLE_OBJC_WEAK = YES;
				CLANG_WARN_BLOCK_CAPTURE_AUTORELEASING = YES;
				CLANG_WARN_BOOL_CONVERSION = YES;
				CLANG_WARN_COMMA = YES;
				CLANG_WARN_CONSTANT_CONVERSION = YES;
				CLANG_WARN_DEPRECATED_OBJC_IMPLEMENTATIONS = YES;
				CLANG_WARN_DIRECT_OBJC_ISA_USAGE = YES_ERROR;
				CLANG_WARN_DOCUMENTATION_COMMENTS = YES;
				CLANG_WARN_EMPTY_BODY = YES;
				CLANG_WARN_ENUM_CONVERSION = YES;
				CLANG_WARN_INFINITE_RECURSION = YES;
				CLANG_WARN_INT_CONVERSION = YES;
				CLANG_WARN_NON_LITERAL_NULL_CONVERSION = YES;
				CLANG_WARN_OBJC_IMPLICIT_RETAIN_SELF = YES;
				CLANG_WARN_OBJC_LITERAL_CONVERSION = YES;
				CLANG_WARN_OBJC_ROOT_CLASS = YES_ERROR;
				CLANG_WARN_QUOTED_INCLUDE_IN_FRAMEWORK_HEADER = YES;
				CLANG_WARN_RANGE_LOOP_ANALYSIS = YES;
				CLANG_WARN_STRICT_PROTOTYPES = YES;
				CLANG_WARN_SUSPICIOUS_MOVE = YES;
				CLANG_WARN_UNGUARDED_AVAILABILITY = YES_AGGRESSIVE;
				CLANG_WARN_UNREACHABLE_CODE = YES;
				CLANG_WARN__DUPLICATE_METHOD_MATCH = YES;
				COPY_PHASE_STRIP = NO;
				DEBUG_INFORMATION_FORMAT = "dwarf-with-dsym";
				ENABLE_NS_ASSERTIONS = NO;
				ENABLE_STRICT_OBJC_MSGSEND = YES;
				ENABLE_USER_SCRIPT_SANDBOXING = YES;
				GCC_C_LANGUAGE_STANDARD = gnu17;
				GCC_NO_COMMON_BLOCKS = YES;
				GCC_WARN_64_TO_32_BIT_CONVERSION = YES;
				GCC_WARN_ABOUT_RETURN_TYPE = YES_ERROR;
				GCC_WARN_UNDECLARED_SELECTOR = YES;
				GCC_WARN_UNINITIALIZED_AUTOS = YES_AGGRESSIVE;
				GCC_WARN_UNUSED_FUNCTION = YES;
				GCC_WARN_UNUSED_VARIABLE = YES;
				IPHONEOS_DEPLOYMENT_TARGET = 18.2;
				LOCALIZATION_PREFERS_STRING_CATALOGS = YES;
				MTL_ENABLE_DEBUG_INFO = NO;
				MTL_FAST_MATH = YES;
				SDKROOT = iphoneos;
				SWIFT_COMPILATION_MODE = wholemodule;
				VALIDATE_PRODUCT = YES;
			};
			name = Release;
		};
		3551C0962D3CDD5D007FECEF /* Debug */ = {
			isa = XCBuildConfiguration;
			buildSettings = {
				ASSETCATALOG_COMPILER_APPICON_NAME = AppIcon;
				ASSETCATALOG_COMPILER_GLOBAL_ACCENT_COLOR_NAME = AccentColor;
				CODE_SIGN_STYLE = Automatic;
				CURRENT_PROJECT_VERSION = 1;
				DEVELOPMENT_ASSET_PATHS = "\"Assignment2/Preview Content\"";
				ENABLE_PREVIEWS = YES;
				GENERATE_INFOPLIST_FILE = YES;
				INFOPLIST_KEY_UIApplicationSceneManifest_Generation = YES;
				INFOPLIST_KEY_UIApplicationSupportsIndirectInputEvents = YES;
				INFOPLIST_KEY_UILaunchScreen_Generation = YES;
				INFOPLIST_KEY_UISupportedInterfaceOrientations_iPad = "UIInterfaceOrientationPortrait UIInterfaceOrientationPortraitUpsideDown UIInterfaceOrientationLandscapeLeft UIInterfaceOrientationLandscapeRight";
				INFOPLIST_KEY_UISupportedInterfaceOrientations_iPhone = "UIInterfaceOrientationPortrait UIInterfaceOrientationLandscapeLeft UIInterfaceOrientationLandscapeRight";
				LD_RUNPATH_SEARCH_PATHS = (
					"$(inherited)",
					"@executable_path/Frameworks",
				);
				MARKETING_VERSION = 1.0;
				PRODUCT_BUNDLE_IDENTIFIER = CS342.Assignment2;
				PRODUCT_NAME = "$(TARGET_NAME)";
				SWIFT_EMIT_LOC_STRINGS = YES;
				SWIFT_VERSION = 5.0;
				TARGETED_DEVICE_FAMILY = "1,2";
			};
			name = Debug;
		};
		3551C0972D3CDD5D007FECEF /* Release */ = {
			isa = XCBuildConfiguration;
			buildSettings = {
				ASSETCATALOG_COMPILER_APPICON_NAME = AppIcon;
				ASSETCATALOG_COMPILER_GLOBAL_ACCENT_COLOR_NAME = AccentColor;
				CODE_SIGN_STYLE = Automatic;
				CURRENT_PROJECT_VERSION = 1;
				DEVELOPMENT_ASSET_PATHS = "\"Assignment2/Preview Content\"";
				ENABLE_PREVIEWS = YES;
				GENERATE_INFOPLIST_FILE = YES;
				INFOPLIST_KEY_UIApplicationSceneManifest_Generation = YES;
				INFOPLIST_KEY_UIApplicationSupportsIndirectInputEvents = YES;
				INFOPLIST_KEY_UILaunchScreen_Generation = YES;
				INFOPLIST_KEY_UISupportedInterfaceOrientations_iPad = "UIInterfaceOrientationPortrait UIInterfaceOrientationPortraitUpsideDown UIInterfaceOrientationLandscapeLeft UIInterfaceOrientationLandscapeRight";
				INFOPLIST_KEY_UISupportedInterfaceOrientations_iPhone = "UIInterfaceOrientationPortrait UIInterfaceOrientationLandscapeLeft UIInterfaceOrientationLandscapeRight";
				LD_RUNPATH_SEARCH_PATHS = (
					"$(inherited)",
					"@executable_path/Frameworks",
				);
				MARKETING_VERSION = 1.0;
				PRODUCT_BUNDLE_IDENTIFIER = CS342.Assignment2;
				PRODUCT_NAME = "$(TARGET_NAME)";
				SWIFT_EMIT_LOC_STRINGS = YES;
				SWIFT_VERSION = 5.0;
				TARGETED_DEVICE_FAMILY = "1,2";
			};
			name = Release;
		};
		3551C0992D3CDD5D007FECEF /* Debug */ = {
			isa = XCBuildConfiguration;
			buildSettings = {
				BUNDLE_LOADER = "$(TEST_HOST)";
				CODE_SIGN_STYLE = Automatic;
				CURRENT_PROJECT_VERSION = 1;
				GENERATE_INFOPLIST_FILE = YES;
				IPHONEOS_DEPLOYMENT_TARGET = 18.2;
				MARKETING_VERSION = 1.0;
				PRODUCT_BUNDLE_IDENTIFIER = CS342.Assignment2Tests;
				PRODUCT_NAME = "$(TARGET_NAME)";
				SWIFT_EMIT_LOC_STRINGS = NO;
				SWIFT_VERSION = 5.0;
				TARGETED_DEVICE_FAMILY = "1,2";
				TEST_HOST = "$(BUILT_PRODUCTS_DIR)/Assignment2.app/$(BUNDLE_EXECUTABLE_FOLDER_PATH)/Assignment2";
			};
			name = Debug;
		};
		3551C09A2D3CDD5D007FECEF /* Release */ = {
			isa = XCBuildConfiguration;
			buildSettings = {
				BUNDLE_LOADER = "$(TEST_HOST)";
				CODE_SIGN_STYLE = Automatic;
				CURRENT_PROJECT_VERSION = 1;
				GENERATE_INFOPLIST_FILE = YES;
				IPHONEOS_DEPLOYMENT_TARGET = 18.2;
				MARKETING_VERSION = 1.0;
				PRODUCT_BUNDLE_IDENTIFIER = CS342.Assignment2Tests;
				PRODUCT_NAME = "$(TARGET_NAME)";
				SWIFT_EMIT_LOC_STRINGS = NO;
				SWIFT_VERSION = 5.0;
				TARGETED_DEVICE_FAMILY = "1,2";
				TEST_HOST = "$(BUILT_PRODUCTS_DIR)/Assignment2.app/$(BUNDLE_EXECUTABLE_FOLDER_PATH)/Assignment2";
			};
			name = Release;
		};
		3551C09C2D3CDD5D007FECEF /* Debug */ = {
			isa = XCBuildConfiguration;
			buildSettings = {
				CODE_SIGN_STYLE = Automatic;
				CURRENT_PROJECT_VERSION = 1;
				GENERATE_INFOPLIST_FILE = YES;
				MARKETING_VERSION = 1.0;
				PRODUCT_BUNDLE_IDENTIFIER = CS342.Assignment2UITests;
				PRODUCT_NAME = "$(TARGET_NAME)";
				SWIFT_EMIT_LOC_STRINGS = NO;
				SWIFT_VERSION = 5.0;
				TARGETED_DEVICE_FAMILY = "1,2";
				TEST_TARGET_NAME = Assignment2;
			};
			name = Debug;
		};
		3551C09D2D3CDD5D007FECEF /* Release */ = {
			isa = XCBuildConfiguration;
			buildSettings = {
				CODE_SIGN_STYLE = Automatic;
				CURRENT_PROJECT_VERSION = 1;
				GENERATE_INFOPLIST_FILE = YES;
				MARKETING_VERSION = 1.0;
				PRODUCT_BUNDLE_IDENTIFIER = CS342.Assignment2UITests;
				PRODUCT_NAME = "$(TARGET_NAME)";
				SWIFT_EMIT_LOC_STRINGS = NO;
				SWIFT_VERSION = 5.0;
				TARGETED_DEVICE_FAMILY = "1,2";
				TEST_TARGET_NAME = Assignment2;
			};
			name = Release;
		};
/* End XCBuildConfiguration section */

/* Begin XCConfigurationList section */
		3551C06C2D3CDD59007FECEF /* Build configuration list for PBXProject "Assignment2" */ = {
			isa = XCConfigurationList;
			buildConfigurations = (
				3551C0932D3CDD5D007FECEF /* Debug */,
				3551C0942D3CDD5D007FECEF /* Release */,
			);
			defaultConfigurationIsVisible = 0;
			defaultConfigurationName = Release;
		};
		3551C0952D3CDD5D007FECEF /* Build configuration list for PBXNativeTarget "Assignment2" */ = {
			isa = XCConfigurationList;
			buildConfigurations = (
				3551C0962D3CDD5D007FECEF /* Debug */,
				3551C0972D3CDD5D007FECEF /* Release */,
			);
			defaultConfigurationIsVisible = 0;
			defaultConfigurationName = Release;
		};
		3551C0982D3CDD5D007FECEF /* Build configuration list for PBXNativeTarget "Assignment2Tests" */ = {
			isa = XCConfigurationList;
			buildConfigurations = (
				3551C0992D3CDD5D007FECEF /* Debug */,
				3551C09A2D3CDD5D007FECEF /* Release */,
			);
			defaultConfigurationIsVisible = 0;
			defaultConfigurationName = Release;
		};
		3551C09B2D3CDD5D007FECEF /* Build configuration list for PBXNativeTarget "Assignment2UITests" */ = {
			isa = XCConfigurationList;
			buildConfigurations = (
				3551C09C2D3CDD5D007FECEF /* Debug */,
				3551C09D2D3CDD5D007FECEF /* Release */,
			);
			defaultConfigurationIsVisible = 0;
			defaultConfigurationName = Release;
		};
/* End XCConfigurationList section */

/* Begin XCRemoteSwiftPackageReference section */
		35C39F0F2D3F724800D12E20 /* XCRemoteSwiftPackageReference "swift-testing" */ = {
			isa = XCRemoteSwiftPackageReference;
			repositoryURL = "https://github.com/apple/swift-testing";
			requirement = {
				kind = upToNextMajorVersion;
				minimumVersion = 6.0.3;
			};
		};
/* End XCRemoteSwiftPackageReference section */
	};
	rootObject = 3551C0692D3CDD59007FECEF /* Project object */;
}
